// !$*UTF8*$!
{
	archiveVersion = 1;
	classes = {
	};
	objectVersion = 56;
	objects = {

/* Begin PBXBuildFile section */
		CC30714B2922B3F600790403 /* YoutubeSearchResponse.swift in Sources */ = {isa = PBXBuildFile; fileRef = CC30714A2922B3F600790403 /* YoutubeSearchResponse.swift */; };
		CC30714D29240C8B00790403 /* TitlePreviewViewController.swift in Sources */ = {isa = PBXBuildFile; fileRef = CC30714C29240C8B00790403 /* TitlePreviewViewController.swift */; };
		CC30714F2924158500790403 /* TitlePreviewViewModel.swift in Sources */ = {isa = PBXBuildFile; fileRef = CC30714E2924158500790403 /* TitlePreviewViewModel.swift */; };
		CC3CE677291BC97000412D43 /* TitleViewModel.swift in Sources */ = {isa = PBXBuildFile; fileRef = CC3CE676291BC97000412D43 /* TitleViewModel.swift */; };
		CC3CE67929203B0600412D43 /* SearchResultViewController.swift in Sources */ = {isa = PBXBuildFile; fileRef = CC3CE67829203B0600412D43 /* SearchResultViewController.swift */; };
		CC6E49FA2918220D001284C1 /* TitleCollectionViewCell.swift in Sources */ = {isa = PBXBuildFile; fileRef = CC6E49F92918220D001284C1 /* TitleCollectionViewCell.swift */; };
		CC6E4A022919595B001284C1 /* SDWebImage in Frameworks */ = {isa = PBXBuildFile; productRef = CC6E4A012919595B001284C1 /* SDWebImage */; };
		CC6E4A042919595B001284C1 /* SDWebImageMapKit in Frameworks */ = {isa = PBXBuildFile; productRef = CC6E4A032919595B001284C1 /* SDWebImageMapKit */; };
		CC6E4A06291AC698001284C1 /* TitleTableViewCell.swift in Sources */ = {isa = PBXBuildFile; fileRef = CC6E4A05291AC698001284C1 /* TitleTableViewCell.swift */; };
		CC9A5A3B29140157004233E3 /* APICaller.swift in Sources */ = {isa = PBXBuildFile; fileRef = CC9A5A3A29140157004233E3 /* APICaller.swift */; };
		CC9A5A3D291408DC004233E3 /* Title.swift in Sources */ = {isa = PBXBuildFile; fileRef = CC9A5A3C291408DC004233E3 /* Title.swift */; };
		CC9A5A3F29153699004233E3 /* Extensions.swift in Sources */ = {isa = PBXBuildFile; fileRef = CC9A5A3E29153699004233E3 /* Extensions.swift */; };
		CCC7C9B7290966D90053E4A3 /* AppDelegate.swift in Sources */ = {isa = PBXBuildFile; fileRef = CCC7C9B6290966D90053E4A3 /* AppDelegate.swift */; };
		CCC7C9B9290966D90053E4A3 /* SceneDelegate.swift in Sources */ = {isa = PBXBuildFile; fileRef = CCC7C9B8290966D90053E4A3 /* SceneDelegate.swift */; };
		CCC7C9BB290966D90053E4A3 /* MainTabBarViewController.swift in Sources */ = {isa = PBXBuildFile; fileRef = CCC7C9BA290966D90053E4A3 /* MainTabBarViewController.swift */; };
		CCC7C9C0290966DA0053E4A3 /* Assets.xcassets in Resources */ = {isa = PBXBuildFile; fileRef = CCC7C9BF290966DA0053E4A3 /* Assets.xcassets */; };
		CCC7C9C3290966DA0053E4A3 /* LaunchScreen.storyboard in Resources */ = {isa = PBXBuildFile; fileRef = CCC7C9C1290966DA0053E4A3 /* LaunchScreen.storyboard */; };
		CCC7C9CD290AA9110053E4A3 /* HomeViewController.swift in Sources */ = {isa = PBXBuildFile; fileRef = CCC7C9CC290AA9110053E4A3 /* HomeViewController.swift */; };
		CCC7C9CF290AA9210053E4A3 /* UpcomingViewController.swift in Sources */ = {isa = PBXBuildFile; fileRef = CCC7C9CE290AA9210053E4A3 /* UpcomingViewController.swift */; };
		CCC7C9D1290AA92F0053E4A3 /* SearchViewController.swift in Sources */ = {isa = PBXBuildFile; fileRef = CCC7C9D0290AA92F0053E4A3 /* SearchViewController.swift */; };
		CCC7C9D3290AA9390053E4A3 /* DownloadsViewController.swift in Sources */ = {isa = PBXBuildFile; fileRef = CCC7C9D2290AA9390053E4A3 /* DownloadsViewController.swift */; };
		CCC7C9DA290D747E0053E4A3 /* CollectionViewTableViewCell.swift in Sources */ = {isa = PBXBuildFile; fileRef = CCC7C9D9290D747E0053E4A3 /* CollectionViewTableViewCell.swift */; };
		CCC7C9DC290EBBF60053E4A3 /* HeroHeaderUIView.swift in Sources */ = {isa = PBXBuildFile; fileRef = CCC7C9DB290EBBF60053E4A3 /* HeroHeaderUIView.swift */; };
/* End PBXBuildFile section */

/* Begin PBXFileReference section */
		CC30714A2922B3F600790403 /* YoutubeSearchResponse.swift */ = {isa = PBXFileReference; lastKnownFileType = sourcecode.swift; path = YoutubeSearchResponse.swift; sourceTree = "<group>"; };
		CC30714C29240C8B00790403 /* TitlePreviewViewController.swift */ = {isa = PBXFileReference; lastKnownFileType = sourcecode.swift; path = TitlePreviewViewController.swift; sourceTree = "<group>"; };
		CC30714E2924158500790403 /* TitlePreviewViewModel.swift */ = {isa = PBXFileReference; lastKnownFileType = sourcecode.swift; path = TitlePreviewViewModel.swift; sourceTree = "<group>"; };
		CC3CE676291BC97000412D43 /* TitleViewModel.swift */ = {isa = PBXFileReference; lastKnownFileType = sourcecode.swift; path = TitleViewModel.swift; sourceTree = "<group>"; };
		CC3CE67829203B0600412D43 /* SearchResultViewController.swift */ = {isa = PBXFileReference; lastKnownFileType = sourcecode.swift; path = SearchResultViewController.swift; sourceTree = "<group>"; };
		CC6E49F92918220D001284C1 /* TitleCollectionViewCell.swift */ = {isa = PBXFileReference; lastKnownFileType = sourcecode.swift; path = TitleCollectionViewCell.swift; sourceTree = "<group>"; };
		CC6E4A05291AC698001284C1 /* TitleTableViewCell.swift */ = {isa = PBXFileReference; lastKnownFileType = sourcecode.swift; path = TitleTableViewCell.swift; sourceTree = "<group>"; };
		CC9A5A3A29140157004233E3 /* APICaller.swift */ = {isa = PBXFileReference; lastKnownFileType = sourcecode.swift; path = APICaller.swift; sourceTree = "<group>"; };
		CC9A5A3C291408DC004233E3 /* Title.swift */ = {isa = PBXFileReference; lastKnownFileType = sourcecode.swift; path = Title.swift; sourceTree = "<group>"; };
		CC9A5A3E29153699004233E3 /* Extensions.swift */ = {isa = PBXFileReference; lastKnownFileType = sourcecode.swift; path = Extensions.swift; sourceTree = "<group>"; };
		CCC7C9B3290966D90053E4A3 /* NetflixCloneApp.app */ = {isa = PBXFileReference; explicitFileType = wrapper.application; includeInIndex = 0; path = NetflixCloneApp.app; sourceTree = BUILT_PRODUCTS_DIR; };
		CCC7C9B6290966D90053E4A3 /* AppDelegate.swift */ = {isa = PBXFileReference; lastKnownFileType = sourcecode.swift; path = AppDelegate.swift; sourceTree = "<group>"; };
		CCC7C9B8290966D90053E4A3 /* SceneDelegate.swift */ = {isa = PBXFileReference; lastKnownFileType = sourcecode.swift; path = SceneDelegate.swift; sourceTree = "<group>"; };
		CCC7C9BA290966D90053E4A3 /* MainTabBarViewController.swift */ = {isa = PBXFileReference; lastKnownFileType = sourcecode.swift; path = MainTabBarViewController.swift; sourceTree = "<group>"; };
		CCC7C9BF290966DA0053E4A3 /* Assets.xcassets */ = {isa = PBXFileReference; lastKnownFileType = folder.assetcatalog; path = Assets.xcassets; sourceTree = "<group>"; };
		CCC7C9C2290966DA0053E4A3 /* Base */ = {isa = PBXFileReference; lastKnownFileType = file.storyboard; name = Base; path = Base.lproj/LaunchScreen.storyboard; sourceTree = "<group>"; };
		CCC7C9C4290966DA0053E4A3 /* Info.plist */ = {isa = PBXFileReference; lastKnownFileType = text.plist.xml; path = Info.plist; sourceTree = "<group>"; };
		CCC7C9CC290AA9110053E4A3 /* HomeViewController.swift */ = {isa = PBXFileReference; lastKnownFileType = sourcecode.swift; path = HomeViewController.swift; sourceTree = "<group>"; };
		CCC7C9CE290AA9210053E4A3 /* UpcomingViewController.swift */ = {isa = PBXFileReference; lastKnownFileType = sourcecode.swift; path = UpcomingViewController.swift; sourceTree = "<group>"; };
		CCC7C9D0290AA92F0053E4A3 /* SearchViewController.swift */ = {isa = PBXFileReference; lastKnownFileType = sourcecode.swift; path = SearchViewController.swift; sourceTree = "<group>"; };
		CCC7C9D2290AA9390053E4A3 /* DownloadsViewController.swift */ = {isa = PBXFileReference; lastKnownFileType = sourcecode.swift; path = DownloadsViewController.swift; sourceTree = "<group>"; };
		CCC7C9D9290D747E0053E4A3 /* CollectionViewTableViewCell.swift */ = {isa = PBXFileReference; lastKnownFileType = sourcecode.swift; path = CollectionViewTableViewCell.swift; sourceTree = "<group>"; };
		CCC7C9DB290EBBF60053E4A3 /* HeroHeaderUIView.swift */ = {isa = PBXFileReference; lastKnownFileType = sourcecode.swift; path = HeroHeaderUIView.swift; sourceTree = "<group>"; };
/* End PBXFileReference section */

/* Begin PBXFrameworksBuildPhase section */
		CCC7C9B0290966D90053E4A3 /* Frameworks */ = {
			isa = PBXFrameworksBuildPhase;
			buildActionMask = 2147483647;
			files = (
				CC6E4A042919595B001284C1 /* SDWebImageMapKit in Frameworks */,
				CC6E4A022919595B001284C1 /* SDWebImage in Frameworks */,
			);
			runOnlyForDeploymentPostprocessing = 0;
		};
/* End PBXFrameworksBuildPhase section */

/* Begin PBXGroup section */
		CC3CE67A29203B4900412D43 /* Core */ = {
			isa = PBXGroup;
			children = (
				CCC7C9CC290AA9110053E4A3 /* HomeViewController.swift */,
				CCC7C9CE290AA9210053E4A3 /* UpcomingViewController.swift */,
				CCC7C9D0290AA92F0053E4A3 /* SearchViewController.swift */,
				CCC7C9D2290AA9390053E4A3 /* DownloadsViewController.swift */,
			);
			path = Core;
			sourceTree = "<group>";
		};
		CC3CE67B29203B7200412D43 /* General */ = {
			isa = PBXGroup;
			children = (
				CC3CE67829203B0600412D43 /* SearchResultViewController.swift */,
				CC30714C29240C8B00790403 /* TitlePreviewViewController.swift */,
			);
			path = General;
			sourceTree = "<group>";
		};
		CCC7C9AA290966D90053E4A3 = {
			isa = PBXGroup;
			children = (
				CCC7C9B5290966D90053E4A3 /* NetflixCloneApp */,
				CCC7C9B4290966D90053E4A3 /* Products */,
			);
			sourceTree = "<group>";
		};
		CCC7C9B4290966D90053E4A3 /* Products */ = {
			isa = PBXGroup;
			children = (
				CCC7C9B3290966D90053E4A3 /* NetflixCloneApp.app */,
			);
			name = Products;
			sourceTree = "<group>";
		};
		CCC7C9B5290966D90053E4A3 /* NetflixCloneApp */ = {
			isa = PBXGroup;
			children = (
				CCC7C9D8290D73FC0053E4A3 /* Manager */,
				CCC7C9D7290D73EF0053E4A3 /* Resourcers */,
				CCC7C9D6290D73C70053E4A3 /* Models */,
				CCC7C9D4290D73AC0053E4A3 /* Views */,
				CCC7C9D5290D73BB0053E4A3 /* ViewModels */,
				CCC7C9CB290AA8F90053E4A3 /* Controllers */,
				CCC7C9B6290966D90053E4A3 /* AppDelegate.swift */,
				CCC7C9B8290966D90053E4A3 /* SceneDelegate.swift */,
				CCC7C9BA290966D90053E4A3 /* MainTabBarViewController.swift */,
				CCC7C9BF290966DA0053E4A3 /* Assets.xcassets */,
				CCC7C9C1290966DA0053E4A3 /* LaunchScreen.storyboard */,
				CCC7C9C4290966DA0053E4A3 /* Info.plist */,
			);
			path = NetflixCloneApp;
			sourceTree = "<group>";
		};
		CCC7C9CB290AA8F90053E4A3 /* Controllers */ = {
			isa = PBXGroup;
			children = (
				CC3CE67B29203B7200412D43 /* General */,
				CC3CE67A29203B4900412D43 /* Core */,
			);
			path = Controllers;
			sourceTree = "<group>";
		};
		CCC7C9D4290D73AC0053E4A3 /* Views */ = {
			isa = PBXGroup;
			children = (
				CCC7C9D9290D747E0053E4A3 /* CollectionViewTableViewCell.swift */,
				CCC7C9DB290EBBF60053E4A3 /* HeroHeaderUIView.swift */,
				CC6E49F92918220D001284C1 /* TitleCollectionViewCell.swift */,
				CC6E4A05291AC698001284C1 /* TitleTableViewCell.swift */,
			);
			path = Views;
			sourceTree = "<group>";
		};
		CCC7C9D5290D73BB0053E4A3 /* ViewModels */ = {
			isa = PBXGroup;
			children = (
				CC3CE676291BC97000412D43 /* TitleViewModel.swift */,
				CC30714E2924158500790403 /* TitlePreviewViewModel.swift */,
			);
			path = ViewModels;
			sourceTree = "<group>";
		};
		CCC7C9D6290D73C70053E4A3 /* Models */ = {
			isa = PBXGroup;
			children = (
				CC9A5A3C291408DC004233E3 /* Title.swift */,
				CC30714A2922B3F600790403 /* YoutubeSearchResponse.swift */,
			);
			path = Models;
			sourceTree = "<group>";
		};
		CCC7C9D7290D73EF0053E4A3 /* Resourcers */ = {
			isa = PBXGroup;
			children = (
				CC9A5A3E29153699004233E3 /* Extensions.swift */,
			);
			path = Resourcers;
			sourceTree = "<group>";
		};
		CCC7C9D8290D73FC0053E4A3 /* Manager */ = {
			isa = PBXGroup;
			children = (
				CC9A5A3A29140157004233E3 /* APICaller.swift */,
			);
			path = Manager;
			sourceTree = "<group>";
		};
/* End PBXGroup section */

/* Begin PBXNativeTarget section */
		CCC7C9B2290966D90053E4A3 /* NetflixCloneApp */ = {
			isa = PBXNativeTarget;
			buildConfigurationList = CCC7C9C7290966DA0053E4A3 /* Build configuration list for PBXNativeTarget "NetflixCloneApp" */;
			buildPhases = (
				CCC7C9AF290966D90053E4A3 /* Sources */,
				CCC7C9B0290966D90053E4A3 /* Frameworks */,
				CCC7C9B1290966D90053E4A3 /* Resources */,
			);
			buildRules = (
			);
			dependencies = (
			);
			name = NetflixCloneApp;
			packageProductDependencies = (
				CC6E4A012919595B001284C1 /* SDWebImage */,
				CC6E4A032919595B001284C1 /* SDWebImageMapKit */,
			);
			productName = NetflixCloneApp;
			productReference = CCC7C9B3290966D90053E4A3 /* NetflixCloneApp.app */;
			productType = "com.apple.product-type.application";
		};
/* End PBXNativeTarget section */

/* Begin PBXProject section */
		CCC7C9AB290966D90053E4A3 /* Project object */ = {
			isa = PBXProject;
			attributes = {
				BuildIndependentTargetsInParallel = 1;
				LastSwiftUpdateCheck = 1400;
				LastUpgradeCheck = 1400;
				TargetAttributes = {
					CCC7C9B2290966D90053E4A3 = {
						CreatedOnToolsVersion = 14.0.1;
					};
				};
			};
			buildConfigurationList = CCC7C9AE290966D90053E4A3 /* Build configuration list for PBXProject "NetflixCloneApp" */;
			compatibilityVersion = "Xcode 14.0";
			developmentRegion = en;
			hasScannedForEncodings = 0;
			knownRegions = (
				en,
				Base,
			);
			mainGroup = CCC7C9AA290966D90053E4A3;
			packageReferences = (
				CC6E4A002919595B001284C1 /* XCRemoteSwiftPackageReference "SDWebImage" */,
			);
			productRefGroup = CCC7C9B4290966D90053E4A3 /* Products */;
			projectDirPath = "";
			projectRoot = "";
			targets = (
				CCC7C9B2290966D90053E4A3 /* NetflixCloneApp */,
			);
		};
/* End PBXProject section */

/* Begin PBXResourcesBuildPhase section */
		CCC7C9B1290966D90053E4A3 /* Resources */ = {
			isa = PBXResourcesBuildPhase;
			buildActionMask = 2147483647;
			files = (
				CCC7C9C3290966DA0053E4A3 /* LaunchScreen.storyboard in Resources */,
				CCC7C9C0290966DA0053E4A3 /* Assets.xcassets in Resources */,
			);
			runOnlyForDeploymentPostprocessing = 0;
		};
/* End PBXResourcesBuildPhase section */

/* Begin PBXSourcesBuildPhase section */
		CCC7C9AF290966D90053E4A3 /* Sources */ = {
			isa = PBXSourcesBuildPhase;
			buildActionMask = 2147483647;
			files = (
				CC6E4A06291AC698001284C1 /* TitleTableViewCell.swift in Sources */,
				CCC7C9D1290AA92F0053E4A3 /* SearchViewController.swift in Sources */,
				CC6E49FA2918220D001284C1 /* TitleCollectionViewCell.swift in Sources */,
				CCC7C9BB290966D90053E4A3 /* MainTabBarViewController.swift in Sources */,
				CCC7C9DA290D747E0053E4A3 /* CollectionViewTableViewCell.swift in Sources */,
				CC9A5A3B29140157004233E3 /* APICaller.swift in Sources */,
				CCC7C9DC290EBBF60053E4A3 /* HeroHeaderUIView.swift in Sources */,
				CCC7C9D3290AA9390053E4A3 /* DownloadsViewController.swift in Sources */,
				CCC7C9B7290966D90053E4A3 /* AppDelegate.swift in Sources */,
				CC9A5A3F29153699004233E3 /* Extensions.swift in Sources */,
				CCC7C9B9290966D90053E4A3 /* SceneDelegate.swift in Sources */,
				CC30714B2922B3F600790403 /* YoutubeSearchResponse.swift in Sources */,
				CCC7C9CF290AA9210053E4A3 /* UpcomingViewController.swift in Sources */,
				CC30714F2924158500790403 /* TitlePreviewViewModel.swift in Sources */,
				CC9A5A3D291408DC004233E3 /* Title.swift in Sources */,
				CC30714D29240C8B00790403 /* TitlePreviewViewController.swift in Sources */,
				CCC7C9CD290AA9110053E4A3 /* HomeViewController.swift in Sources */,
				CC3CE67929203B0600412D43 /* SearchResultViewController.swift in Sources */,
				CC3CE677291BC97000412D43 /* TitleViewModel.swift in Sources */,
			);
			runOnlyForDeploymentPostprocessing = 0;
		};
/* End PBXSourcesBuildPhase section */

/* Begin PBXVariantGroup section */
		CCC7C9C1290966DA0053E4A3 /* LaunchScreen.storyboard */ = {
			isa = PBXVariantGroup;
			children = (
				CCC7C9C2290966DA0053E4A3 /* Base */,
			);
			name = LaunchScreen.storyboard;
			sourceTree = "<group>";
		};
/* End PBXVariantGroup section */

/* Begin XCBuildConfiguration section */
		CCC7C9C5290966DA0053E4A3 /* Debug */ = {
			isa = XCBuildConfiguration;
			buildSettings = {
				ALWAYS_SEARCH_USER_PATHS = NO;
				CLANG_ANALYZER_NONNULL = YES;
				CLANG_ANALYZER_NUMBER_OBJECT_CONVERSION = YES_AGGRESSIVE;
				CLANG_CXX_LANGUAGE_STANDARD = "gnu++20";
				CLANG_ENABLE_MODULES = YES;
				CLANG_ENABLE_OBJC_ARC = YES;
				CLANG_ENABLE_OBJC_WEAK = YES;
				CLANG_WARN_BLOCK_CAPTURE_AUTORELEASING = YES;
				CLANG_WARN_BOOL_CONVERSION = YES;
				CLANG_WARN_COMMA = YES;
				CLANG_WARN_CONSTANT_CONVERSION = YES;
				CLANG_WARN_DEPRECATED_OBJC_IMPLEMENTATIONS = YES;
				CLANG_WARN_DIRECT_OBJC_ISA_USAGE = YES_ERROR;
				CLANG_WARN_DOCUMENTATION_COMMENTS = YES;
				CLANG_WARN_EMPTY_BODY = YES;
				CLANG_WARN_ENUM_CONVERSION = YES;
				CLANG_WARN_INFINITE_RECURSION = YES;
				CLANG_WARN_INT_CONVERSION = YES;
				CLANG_WARN_NON_LITERAL_NULL_CONVERSION = YES;
				CLANG_WARN_OBJC_IMPLICIT_RETAIN_SELF = YES;
				CLANG_WARN_OBJC_LITERAL_CONVERSION = YES;
				CLANG_WARN_OBJC_ROOT_CLASS = YES_ERROR;
				CLANG_WARN_QUOTED_INCLUDE_IN_FRAMEWORK_HEADER = YES;
				CLANG_WARN_RANGE_LOOP_ANALYSIS = YES;
				CLANG_WARN_STRICT_PROTOTYPES = YES;
				CLANG_WARN_SUSPICIOUS_MOVE = YES;
				CLANG_WARN_UNGUARDED_AVAILABILITY = YES_AGGRESSIVE;
				CLANG_WARN_UNREACHABLE_CODE = YES;
				CLANG_WARN__DUPLICATE_METHOD_MATCH = YES;
				COPY_PHASE_STRIP = NO;
				DEBUG_INFORMATION_FORMAT = dwarf;
				ENABLE_STRICT_OBJC_MSGSEND = YES;
				ENABLE_TESTABILITY = YES;
				GCC_C_LANGUAGE_STANDARD = gnu11;
				GCC_DYNAMIC_NO_PIC = NO;
				GCC_NO_COMMON_BLOCKS = YES;
				GCC_OPTIMIZATION_LEVEL = 0;
				GCC_PREPROCESSOR_DEFINITIONS = (
					"DEBUG=1",
					"$(inherited)",
				);
				GCC_WARN_64_TO_32_BIT_CONVERSION = YES;
				GCC_WARN_ABOUT_RETURN_TYPE = YES_ERROR;
				GCC_WARN_UNDECLARED_SELECTOR = YES;
				GCC_WARN_UNINITIALIZED_AUTOS = YES_AGGRESSIVE;
				GCC_WARN_UNUSED_FUNCTION = YES;
				GCC_WARN_UNUSED_VARIABLE = YES;
				IPHONEOS_DEPLOYMENT_TARGET = 16.0;
				MTL_ENABLE_DEBUG_INFO = INCLUDE_SOURCE;
				MTL_FAST_MATH = YES;
				ONLY_ACTIVE_ARCH = YES;
				SDKROOT = iphoneos;
				SWIFT_ACTIVE_COMPILATION_CONDITIONS = DEBUG;
				SWIFT_OPTIMIZATION_LEVEL = "-Onone";
			};
			name = Debug;
		};
		CCC7C9C6290966DA0053E4A3 /* Release */ = {
			isa = XCBuildConfiguration;
			buildSettings = {
				ALWAYS_SEARCH_USER_PATHS = NO;
				CLANG_ANALYZER_NONNULL = YES;
				CLANG_ANALYZER_NUMBER_OBJECT_CONVERSION = YES_AGGRESSIVE;
				CLANG_CXX_LANGUAGE_STANDARD = "gnu++20";
				CLANG_ENABLE_MODULES = YES;
				CLANG_ENABLE_OBJC_ARC = YES;
				CLANG_ENABLE_OBJC_WEAK = YES;
				CLANG_WARN_BLOCK_CAPTURE_AUTORELEASING = YES;
				CLANG_WARN_BOOL_CONVERSION = YES;
				CLANG_WARN_COMMA = YES;
				CLANG_WARN_CONSTANT_CONVERSION = YES;
				CLANG_WARN_DEPRECATED_OBJC_IMPLEMENTATIONS = YES;
				CLANG_WARN_DIRECT_OBJC_ISA_USAGE = YES_ERROR;
				CLANG_WARN_DOCUMENTATION_COMMENTS = YES;
				CLANG_WARN_EMPTY_BODY = YES;
				CLANG_WARN_ENUM_CONVERSION = YES;
				CLANG_WARN_INFINITE_RECURSION = YES;
				CLANG_WARN_INT_CONVERSION = YES;
				CLANG_WARN_NON_LITERAL_NULL_CONVERSION = YES;
				CLANG_WARN_OBJC_IMPLICIT_RETAIN_SELF = YES;
				CLANG_WARN_OBJC_LITERAL_CONVERSION = YES;
				CLANG_WARN_OBJC_ROOT_CLASS = YES_ERROR;
				CLANG_WARN_QUOTED_INCLUDE_IN_FRAMEWORK_HEADER = YES;
				CLANG_WARN_RANGE_LOOP_ANALYSIS = YES;
				CLANG_WARN_STRICT_PROTOTYPES = YES;
				CLANG_WARN_SUSPICIOUS_MOVE = YES;
				CLANG_WARN_UNGUARDED_AVAILABILITY = YES_AGGRESSIVE;
				CLANG_WARN_UNREACHABLE_CODE = YES;
				CLANG_WARN__DUPLICATE_METHOD_MATCH = YES;
				COPY_PHASE_STRIP = NO;
				DEBUG_INFORMATION_FORMAT = "dwarf-with-dsym";
				ENABLE_NS_ASSERTIONS = NO;
				ENABLE_STRICT_OBJC_MSGSEND = YES;
				GCC_C_LANGUAGE_STANDARD = gnu11;
				GCC_NO_COMMON_BLOCKS = YES;
				GCC_WARN_64_TO_32_BIT_CONVERSION = YES;
				GCC_WARN_ABOUT_RETURN_TYPE = YES_ERROR;
				GCC_WARN_UNDECLARED_SELECTOR = YES;
				GCC_WARN_UNINITIALIZED_AUTOS = YES_AGGRESSIVE;
				GCC_WARN_UNUSED_FUNCTION = YES;
				GCC_WARN_UNUSED_VARIABLE = YES;
				IPHONEOS_DEPLOYMENT_TARGET = 16.0;
				MTL_ENABLE_DEBUG_INFO = NO;
				MTL_FAST_MATH = YES;
				SDKROOT = iphoneos;
				SWIFT_COMPILATION_MODE = wholemodule;
				SWIFT_OPTIMIZATION_LEVEL = "-O";
				VALIDATE_PRODUCT = YES;
			};
			name = Release;
		};
		CCC7C9C8290966DA0053E4A3 /* Debug */ = {
			isa = XCBuildConfiguration;
			buildSettings = {
				ASSETCATALOG_COMPILER_APPICON_NAME = AppIcon;
				ASSETCATALOG_COMPILER_GLOBAL_ACCENT_COLOR_NAME = AccentColor;
				CODE_SIGN_STYLE = Automatic;
				CURRENT_PROJECT_VERSION = 1;
				DEVELOPMENT_TEAM = 36G2J6D7N4;
				GENERATE_INFOPLIST_FILE = YES;
				INFOPLIST_FILE = NetflixCloneApp/Info.plist;
				INFOPLIST_KEY_UIApplicationSupportsIndirectInputEvents = YES;
				INFOPLIST_KEY_UILaunchStoryboardName = LaunchScreen;
				INFOPLIST_KEY_UISupportedInterfaceOrientations_iPad = "UIInterfaceOrientationPortrait UIInterfaceOrientationPortraitUpsideDown UIInterfaceOrientationLandscapeLeft UIInterfaceOrientationLandscapeRight";
				INFOPLIST_KEY_UISupportedInterfaceOrientations_iPhone = "UIInterfaceOrientationPortrait UIInterfaceOrientationLandscapeLeft UIInterfaceOrientationLandscapeRight";
				LD_RUNPATH_SEARCH_PATHS = (
					"$(inherited)",
					"@executable_path/Frameworks",
				);
				MARKETING_VERSION = 1.0;
				PRODUCT_BUNDLE_IDENTIFIER = com.ridvanyilmaz.NetflixCloneApp;
				PRODUCT_NAME = "$(TARGET_NAME)";
				SWIFT_EMIT_LOC_STRINGS = YES;
				SWIFT_VERSION = 5.0;
				TARGETED_DEVICE_FAMILY = "1,2";
			};
			name = Debug;
		};
		CCC7C9C9290966DA0053E4A3 /* Release */ = {
			isa = XCBuildConfiguration;
			buildSettings = {
				ASSETCATALOG_COMPILER_APPICON_NAME = AppIcon;
				ASSETCATALOG_COMPILER_GLOBAL_ACCENT_COLOR_NAME = AccentColor;
				CODE_SIGN_STYLE = Automatic;
				CURRENT_PROJECT_VERSION = 1;
				DEVELOPMENT_TEAM = 36G2J6D7N4;
				GENERATE_INFOPLIST_FILE = YES;
				INFOPLIST_FILE = NetflixCloneApp/Info.plist;
				INFOPLIST_KEY_UIApplicationSupportsIndirectInputEvents = YES;
				INFOPLIST_KEY_UILaunchStoryboardName = LaunchScreen;
				INFOPLIST_KEY_UISupportedInterfaceOrientations_iPad = "UIInterfaceOrientationPortrait UIInterfaceOrientationPortraitUpsideDown UIInterfaceOrientationLandscapeLeft UIInterfaceOrientationLandscapeRight";
				INFOPLIST_KEY_UISupportedInterfaceOrientations_iPhone = "UIInterfaceOrientationPortrait UIInterfaceOrientationLandscapeLeft UIInterfaceOrientationLandscapeRight";
				LD_RUNPATH_SEARCH_PATHS = (
					"$(inherited)",
					"@executable_path/Frameworks",
				);
				MARKETING_VERSION = 1.0;
				PRODUCT_BUNDLE_IDENTIFIER = com.ridvanyilmaz.NetflixCloneApp;
				PRODUCT_NAME = "$(TARGET_NAME)";
				SWIFT_EMIT_LOC_STRINGS = YES;
				SWIFT_VERSION = 5.0;
				TARGETED_DEVICE_FAMILY = "1,2";
			};
			name = Release;
		};
/* End XCBuildConfiguration section */

/* Begin XCConfigurationList section */
		CCC7C9AE290966D90053E4A3 /* Build configuration list for PBXProject "NetflixCloneApp" */ = {
			isa = XCConfigurationList;
			buildConfigurations = (
				CCC7C9C5290966DA0053E4A3 /* Debug */,
				CCC7C9C6290966DA0053E4A3 /* Release */,
			);
			defaultConfigurationIsVisible = 0;
			defaultConfigurationName = Release;
		};
		CCC7C9C7290966DA0053E4A3 /* Build configuration list for PBXNativeTarget "NetflixCloneApp" */ = {
			isa = XCConfigurationList;
			buildConfigurations = (
				CCC7C9C8290966DA0053E4A3 /* Debug */,
				CCC7C9C9290966DA0053E4A3 /* Release */,
			);
			defaultConfigurationIsVisible = 0;
			defaultConfigurationName = Release;
		};
/* End XCConfigurationList section */

/* Begin XCRemoteSwiftPackageReference section */
		CC6E4A002919595B001284C1 /* XCRemoteSwiftPackageReference "SDWebImage" */ = {
			isa = XCRemoteSwiftPackageReference;
			repositoryURL = "https://github.com/SDWebImage/SDWebImage.git";
			requirement = {
				kind = upToNextMajorVersion;
				minimumVersion = 5.0.0;
			};
		};
/* End XCRemoteSwiftPackageReference section */

/* Begin XCSwiftPackageProductDependency section */
		CC6E4A012919595B001284C1 /* SDWebImage */ = {
			isa = XCSwiftPackageProductDependency;
			package = CC6E4A002919595B001284C1 /* XCRemoteSwiftPackageReference "SDWebImage" */;
			productName = SDWebImage;
		};
		CC6E4A032919595B001284C1 /* SDWebImageMapKit */ = {
			isa = XCSwiftPackageProductDependency;
			package = CC6E4A002919595B001284C1 /* XCRemoteSwiftPackageReference "SDWebImage" */;
			productName = SDWebImageMapKit;
		};
/* End XCSwiftPackageProductDependency section */
	};
	rootObject = CCC7C9AB290966D90053E4A3 /* Project object */;
}
